
Microsoft Visual Studio Solution File, Format Version 12.00
# Visual Studio Version 17
VisualStudioVersion = 17.3.32825.248
MinimumVisualStudioVersion = 10.0.40219.1
Project("{9A19103F-16F7-4668-BE54-9A1E7A4F7556}") = "TaskManagerWebApi", "TaskManagerWebApi\TaskManagerWebApi.csproj", "{BFFBA429-555A-42DA-8A69-47548A2448D6}"
EndProject
Project("{9A19103F-16F7-4668-BE54-9A1E7A4F7556}") = "TaskManagerModels", "TaskManagerModels\TaskManagerModels.csproj", "{5663AFA1-0F7D-481D-9A65-D8B11D5E217C}"
EndProject
Project("{9A19103F-16F7-4668-BE54-9A1E7A4F7556}") = "TaskManagerMVC", "TaskManagerMVC\TaskManagerMVC.csproj", "{6101C53C-6004-485A-A07B-19222625C0DB}"
EndProject
Global
	GlobalSection(SolutionConfigurationPlatforms) = preSolution
		Debug|Any CPU = Debug|Any CPU
		Release|Any CPU = Release|Any CPU
	EndGlobalSection
	GlobalSection(ProjectConfigurationPlatforms) = postSolution
		{BFFBA429-555A-42DA-8A69-47548A2448D6}.Debug|Any CPU.ActiveCfg = Debug|Any CPU
		{BFFBA429-555A-42DA-8A69-47548A2448D6}.Debug|Any CPU.Build.0 = Debug|Any CPU
		{BFFBA429-555A-42DA-8A69-47548A2448D6}.Release|Any CPU.ActiveCfg = Release|Any CPU
		{BFFBA429-555A-42DA-8A69-47548A2448D6}.Release|Any CPU.Build.0 = Release|Any CPU
		{5663AFA1-0F7D-481D-9A65-D8B11D5E217C}.Debug|Any CPU.ActiveCfg = Debug|Any CPU
		{5663AFA1-0F7D-481D-9A65-D8B11D5E217C}.Debug|Any CPU.Build.0 = Debug|Any CPU
		{5663AFA1-0F7D-481D-9A65-D8B11D5E217C}.Release|Any CPU.ActiveCfg = Release|Any CPU
		{5663AFA1-0F7D-481D-9A65-D8B11D5E217C}.Release|Any CPU.Build.0 = Release|Any CPU
		{6101C53C-6004-485A-A07B-19222625C0DB}.Debug|Any CPU.ActiveCfg = Debug|Any CPU
		{6101C53C-6004-485A-A07B-19222625C0DB}.Debug|Any CPU.Build.0 = Debug|Any CPU
		{6101C53C-6004-485A-A07B-19222625C0DB}.Release|Any CPU.ActiveCfg = Release|Any CPU
		{6101C53C-6004-485A-A07B-19222625C0DB}.Release|Any CPU.Build.0 = Release|Any CPU
	EndGlobalSection
	GlobalSection(SolutionProperties) = preSolution
		HideSolutionNode = FALSE
	EndGlobalSection
	GlobalSection(ExtensibilityGlobals) = postSolution
		SolutionGuid = {A14A5302-44A6-447B-B7BC-B9CBADE54F77}
	EndGlobalSection
EndGlobal
