
Microsoft Visual Studio Solution File, Format Version 12.00
# Visual Studio Version 17
VisualStudioVersion = 17.3.32825.248
MinimumVisualStudioVersion = 10.0.40219.1
Project("{FAE04EC0-301F-11D3-BF4B-00C04F79EFBC}") = "TaskManagerWebApi", "TaskManagerWebApi\TaskManagerWebApi.csproj", "{BFFBA429-555A-42DA-8A69-47548A2448D6}"
EndProject
Project("{FAE04EC0-301F-11D3-BF4B-00C04F79EFBC}") = "TaskManagerModels", "TaskManagerModels\TaskManagerModels.csproj", "{A81839A2-06F7-44AB-A79C-9A9C52A95640}"
EndProject
Global
	GlobalSection(SolutionConfigurationPlatforms) = preSolution
		Debug|Any CPU = Debug|Any CPU
		Release|Any CPU = Release|Any CPU
	EndGlobalSection
	GlobalSection(ProjectConfigurationPlatforms) = postSolution
		{BFFBA429-555A-42DA-8A69-47548A2448D6}.Debug|Any CPU.ActiveCfg = Debug|Any CPU
		{BFFBA429-555A-42DA-8A69-47548A2448D6}.Debug|Any CPU.Build.0 = Debug|Any CPU
		{BFFBA429-555A-42DA-8A69-47548A2448D6}.Release|Any CPU.ActiveCfg = Release|Any CPU
		{BFFBA429-555A-42DA-8A69-47548A2448D6}.Release|Any CPU.Build.0 = Release|Any CPU
		{A81839A2-06F7-44AB-A79C-9A9C52A95640}.Debug|Any CPU.ActiveCfg = Debug|Any CPU
		{A81839A2-06F7-44AB-A79C-9A9C52A95640}.Debug|Any CPU.Build.0 = Debug|Any CPU
		{A81839A2-06F7-44AB-A79C-9A9C52A95640}.Release|Any CPU.ActiveCfg = Release|Any CPU
		{A81839A2-06F7-44AB-A79C-9A9C52A95640}.Release|Any CPU.Build.0 = Release|Any CPU
	EndGlobalSection
	GlobalSection(SolutionProperties) = preSolution
		HideSolutionNode = FALSE
	EndGlobalSection
	GlobalSection(ExtensibilityGlobals) = postSolution
		SolutionGuid = {A14A5302-44A6-447B-B7BC-B9CBADE54F77}
	EndGlobalSection
EndGlobal
